lockfileVersion: '9.0'

settings:
  autoInstallPeers: true
  excludeLinksFromLockfile: false

importers:

  .:
    dependencies:
      livebarn:
        specifier: github:shauntarves/livebarn
        version: https://codeload.github.com/shauntarves/livebarn/tar.gz/80c2998ee3e99345d147bcd90c40e3edab9d3b21

packages:

  async@0.2.10:
    resolution: {integrity: sha512-eAkdoKxU6/LkKDBzLpT+t6Ff5EtfSF4wx1WfJiPEEV7WNLnDaRXk0oVysiEPm262roaachGexwUv94WhSgN5TQ==}

  axios@0.20.0:
    resolution: {integrity: sha512-ANA4rr2BDcmmAQLOKft2fufrtuvlqR+cXNNinUmvfeSNCOF98PZL+7M/v1zIdGo7OLjEA9J2gXJL+j4zGsl0bA==}
    deprecated: Critical security vulnerability fixed in v0.21.1. For more information, see https://github.com/axios/axios/pull/3410

  fluent-ffmpeg@2.1.3:
    resolution: {integrity: sha512-Be3narBNt2s6bsaqP6Jzq91heDgOEaDCJAXcE3qcma/EJBSy5FB4cvO31XBInuAuKBx8Kptf8dkhjK0IOru39Q==}
    engines: {node: '>=18'}
    deprecated: Package no longer supported. Contact Support at https://www.npmjs.com/support for more info.

  follow-redirects@1.16.1:
    resolution: {integrity: sha512-FNvFGzoMLWmE6Yj9spb/zjd7yiNCHiAW9/Tg9CXrQ8wuu32HtlJOwWO11OJafl5FfY3DxTdQ0vj42zU1kvv5jg==}
    engines: {node: '>=4.0'}
    peerDependencies:
      debug: '*'
    peerDependenciesMeta:
      debug:
        optional: true

  isexe@2.0.0:
    resolution: {integrity: sha512-RHxMLp9lnKHGHRng9QFhRCMbYAcVpn69smSGcq3f36xjgVVWThj4qqLbTLlq7Ssj8B+fIQ1EuCEGI2lKsyQeIw==}

  livebarn@https://codeload.github.com/shauntarves/livebarn/tar.gz/80c2998ee3e99345d147bcd90c40e3edab9d3b21:
    resolution: {tarball: https://codeload.github.com/shauntarves/livebarn/tar.gz/80c2998ee3e99345d147bcd90c40e3edab9d3b21}
    version: 1.0.0
    engines: {node: '>= 8.0.0'}

  which@1.3.1:
    resolution: {integrity: sha512-HxJdYWq1MTIQbJ3nw0cqssHoTNU267KlrDuGZ1WYlxDStUtKUhOaJmh112/TZmHxxUfuJqPXSOm7tDyas0OSIQ==}
    hasBin: true

snapshots:

  async@0.2.10: {}

  axios@0.20.0:
    dependencies:
      follow-redirects: 1.16.1
    transitivePeerDependencies:
      - debug

  fluent-ffmpeg@2.1.3:
    dependencies:
      async: 0.2.10
      which: 1.3.1

  follow-redirects@1.16.1: {}

  isexe@2.0.0: {}

  livebarn@https://codeload.github.com/shauntarves/livebarn/tar.gz/80c2998ee3e99345d147bcd90c40e3edab9d3b21:
    dependencies:
      axios: 0.20.0
      fluent-ffmpeg: 2.1.3
    transitivePeerDependencies:
      - debug

  which@1.3.1:
    dependencies:
      isexe: 2.0.0
